
Microsoft Visual Studio Solution File, Format Version 12.00
# Visual Studio Version 17
VisualStudioVersion = 17.11.35222.181
MinimumVisualStudioVersion = 10.0.40219.1
Project("{9A19103F-16F7-4668-BE54-9A1E7A4F7556}") = "Core", "Core\Core.csproj", "{1725E8EC-FD3B-4BEC-9888-CD6DE5B882E8}"
EndProject
Project("{9A19103F-16F7-4668-BE54-9A1E7A4F7556}") = "ShoppingList", "Application\ShoppingList.csproj", "{4508A97F-EB73-4209-8EE7-2B1CEA98B206}"
EndProject
Project("{9A19103F-16F7-4668-BE54-9A1E7A4F7556}") = "ConsoleUI", "ConsoleUI\ConsoleUI.csproj", "{0F9EED7E-4892-4424-8C01-37448A66DEAE}"
EndProject
Project("{9A19103F-16F7-4668-BE54-9A1E7A4F7556}") = "Services", "Services\Services.csproj", "{111BE231-5A4C-42E7-BD8E-B5F1235B0D8E}"
EndProject
Project("{9A19103F-16F7-4668-BE54-9A1E7A4F7556}") = "JSONData", "JSONData\JSONData.csproj", "{98E95B38-B316-4E61-AE79-E95DCF07EA0F}"
EndProject
Global
	GlobalSection(SolutionConfigurationPlatforms) = preSolution
		Debug|Any CPU = Debug|Any CPU
		Release|Any CPU = Release|Any CPU
	EndGlobalSection
	GlobalSection(ProjectConfigurationPlatforms) = postSolution
		{1725E8EC-FD3B-4BEC-9888-CD6DE5B882E8}.Debug|Any CPU.ActiveCfg = Debug|Any CPU
		{1725E8EC-FD3B-4BEC-9888-CD6DE5B882E8}.Debug|Any CPU.Build.0 = Debug|Any CPU
		{1725E8EC-FD3B-4BEC-9888-CD6DE5B882E8}.Release|Any CPU.ActiveCfg = Release|Any CPU
		{1725E8EC-FD3B-4BEC-9888-CD6DE5B882E8}.Release|Any CPU.Build.0 = Release|Any CPU
		{4508A97F-EB73-4209-8EE7-2B1CEA98B206}.Debug|Any CPU.ActiveCfg = Debug|Any CPU
		{4508A97F-EB73-4209-8EE7-2B1CEA98B206}.Debug|Any CPU.Build.0 = Debug|Any CPU
		{4508A97F-EB73-4209-8EE7-2B1CEA98B206}.Release|Any CPU.ActiveCfg = Release|Any CPU
		{4508A97F-EB73-4209-8EE7-2B1CEA98B206}.Release|Any CPU.Build.0 = Release|Any CPU
		{0F9EED7E-4892-4424-8C01-37448A66DEAE}.Debug|Any CPU.ActiveCfg = Debug|Any CPU
		{0F9EED7E-4892-4424-8C01-37448A66DEAE}.Debug|Any CPU.Build.0 = Debug|Any CPU
		{0F9EED7E-4892-4424-8C01-37448A66DEAE}.Release|Any CPU.ActiveCfg = Release|Any CPU
		{0F9EED7E-4892-4424-8C01-37448A66DEAE}.Release|Any CPU.Build.0 = Release|Any CPU
		{111BE231-5A4C-42E7-BD8E-B5F1235B0D8E}.Debug|Any CPU.ActiveCfg = Debug|Any CPU
		{111BE231-5A4C-42E7-BD8E-B5F1235B0D8E}.Debug|Any CPU.Build.0 = Debug|Any CPU
		{111BE231-5A4C-42E7-BD8E-B5F1235B0D8E}.Release|Any CPU.ActiveCfg = Release|Any CPU
		{111BE231-5A4C-42E7-BD8E-B5F1235B0D8E}.Release|Any CPU.Build.0 = Release|Any CPU
		{98E95B38-B316-4E61-AE79-E95DCF07EA0F}.Debug|Any CPU.ActiveCfg = Debug|Any CPU
		{98E95B38-B316-4E61-AE79-E95DCF07EA0F}.Debug|Any CPU.Build.0 = Debug|Any CPU
		{98E95B38-B316-4E61-AE79-E95DCF07EA0F}.Release|Any CPU.ActiveCfg = Release|Any CPU
		{98E95B38-B316-4E61-AE79-E95DCF07EA0F}.Release|Any CPU.Build.0 = Release|Any CPU
	EndGlobalSection
	GlobalSection(SolutionProperties) = preSolution
		HideSolutionNode = FALSE
	EndGlobalSection
	GlobalSection(ExtensibilityGlobals) = postSolution
		SolutionGuid = {33E38198-8B14-4480-BCB7-89E1AE78C6F1}
	EndGlobalSection
EndGlobal
